
Microsoft Visual Studio Solution File, Format Version 12.00
# Visual Studio Version 16
VisualStudioVersion = 16.0.31005.135
MinimumVisualStudioVersion = 10.0.40219.1
Project("{9A19103F-16F7-4668-BE54-9A1E7A4F7556}") = "FirstNationalBank", "FirstNationalBank\FirstNationalBank.csproj", "{5B726165-8CFB-4E61-ABC7-BDBFCE08ABC0}"
EndProject
Global
	GlobalSection(SolutionConfigurationPlatforms) = preSolution
		Debug|Any CPU = Debug|Any CPU
		Release|Any CPU = Release|Any CPU
	EndGlobalSection
	GlobalSection(ProjectConfigurationPlatforms) = postSolution
		{5B726165-8CFB-4E61-ABC7-BDBFCE08ABC0}.Debug|Any CPU.ActiveCfg = Debug|Any CPU
		{5B726165-8CFB-4E61-ABC7-BDBFCE08ABC0}.Debug|Any CPU.Build.0 = Debug|Any CPU
		{5B726165-8CFB-4E61-ABC7-BDBFCE08ABC0}.Release|Any CPU.ActiveCfg = Release|Any CPU
		{5B726165-8CFB-4E61-ABC7-BDBFCE08ABC0}.Release|Any CPU.Build.0 = Release|Any CPU
	EndGlobalSection
	GlobalSection(SolutionProperties) = preSolution
		HideSolutionNode = FALSE
	EndGlobalSection
	GlobalSection(ExtensibilityGlobals) = postSolution
		SolutionGuid = {2218B813-BAD3-483E-86A9-43DF85CEEE1E}
	EndGlobalSection
EndGlobal
